
Microsoft Visual Studio Solution File, Format Version 12.00
# Visual Studio Version 16
VisualStudioVersion = 16.0.29020.237
MinimumVisualStudioVersion = 10.0.40219.1
Project("{2150E333-8FDC-42A3-9474-1A3956D46DE8}") = "Solution Items", "Solution Items", "{DE3CEBAD-3C79-44DD-958F-04857902AE8F}"
	ProjectSection(SolutionItems) = preProject
		global.json = global.json
	EndProjectSection
EndProject
Project("{2150E333-8FDC-42A3-9474-1A3956D46DE8}") = "Dashboard", "Dashboard", "{65B6D194-E813-4944-B3A8-1AE6C4E316D9}"
EndProject
Project("{9A19103F-16F7-4668-BE54-9A1E7A4F7556}") = "Dashboard", "Dashboard\Dashboard.csproj", "{52F191D4-EDB6-4B1B-B705-FED17D513CFC}"
EndProject
Project("{2150E333-8FDC-42A3-9474-1A3956D46DE8}") = "SDK", "SDK", "{53E836A0-CCE6-4B07-9751-1AADCABC9C16}"
EndProject
Project("{9A19103F-16F7-4668-BE54-9A1E7A4F7556}") = "SaaS.SDK.Client", "commercial-marketplace-saas-sdk-client-dotnet\src\SaaS.SDK.Client\SaaS.SDK.Client.csproj", "{40AFDF62-2ACC-40D6-8400-9C5D2CA5776E}"
EndProject
Project("{9A19103F-16F7-4668-BE54-9A1E7A4F7556}") = "Microsoft.Marketplace.SaaS", "..\..\..\commercial-marketplace-saas-for-net\sdk\src\Microsoft.Marketplace.SaaS\Microsoft.Marketplace.SaaS.csproj", "{AD9322F5-D7E5-440C-9566-B0613A4ACBE2}"
EndProject
Global
	GlobalSection(SolutionConfigurationPlatforms) = preSolution
		Debug|Any CPU = Debug|Any CPU
		Release|Any CPU = Release|Any CPU
	EndGlobalSection
	GlobalSection(ProjectConfigurationPlatforms) = postSolution
		{52F191D4-EDB6-4B1B-B705-FED17D513CFC}.Debug|Any CPU.ActiveCfg = Debug|Any CPU
		{52F191D4-EDB6-4B1B-B705-FED17D513CFC}.Debug|Any CPU.Build.0 = Debug|Any CPU
		{52F191D4-EDB6-4B1B-B705-FED17D513CFC}.Release|Any CPU.ActiveCfg = Release|Any CPU
		{52F191D4-EDB6-4B1B-B705-FED17D513CFC}.Release|Any CPU.Build.0 = Release|Any CPU
		{40AFDF62-2ACC-40D6-8400-9C5D2CA5776E}.Debug|Any CPU.ActiveCfg = Debug|Any CPU
		{40AFDF62-2ACC-40D6-8400-9C5D2CA5776E}.Debug|Any CPU.Build.0 = Debug|Any CPU
		{40AFDF62-2ACC-40D6-8400-9C5D2CA5776E}.Release|Any CPU.ActiveCfg = Release|Any CPU
		{40AFDF62-2ACC-40D6-8400-9C5D2CA5776E}.Release|Any CPU.Build.0 = Release|Any CPU
		{AD9322F5-D7E5-440C-9566-B0613A4ACBE2}.Debug|Any CPU.ActiveCfg = Debug|Any CPU
		{AD9322F5-D7E5-440C-9566-B0613A4ACBE2}.Debug|Any CPU.Build.0 = Debug|Any CPU
		{AD9322F5-D7E5-440C-9566-B0613A4ACBE2}.Release|Any CPU.ActiveCfg = Release|Any CPU
		{AD9322F5-D7E5-440C-9566-B0613A4ACBE2}.Release|Any CPU.Build.0 = Release|Any CPU
	EndGlobalSection
	GlobalSection(SolutionProperties) = preSolution
		HideSolutionNode = FALSE
	EndGlobalSection
	GlobalSection(NestedProjects) = preSolution
		{52F191D4-EDB6-4B1B-B705-FED17D513CFC} = {65B6D194-E813-4944-B3A8-1AE6C4E316D9}
		{53E836A0-CCE6-4B07-9751-1AADCABC9C16} = {65B6D194-E813-4944-B3A8-1AE6C4E316D9}
		{40AFDF62-2ACC-40D6-8400-9C5D2CA5776E} = {53E836A0-CCE6-4B07-9751-1AADCABC9C16}
	EndGlobalSection
	GlobalSection(ExtensibilityGlobals) = postSolution
		SolutionGuid = {2EF50173-E909-42F6-89B2-F4B704BD4580}
	EndGlobalSection
EndGlobal
